
Microsoft Visual Studio Solution File, Format Version 12.00
# Visual Studio 15
VisualStudioVersion = 15.0.26014.0
MinimumVisualStudioVersion = 10.0.40219.1
Project("{FAE04EC0-301F-11D3-BF4B-00C04F79EFBC}") = "Whatsapp", "Whatsapp\Whatsapp.csproj", "{8D83ED16-B15D-475E-B536-0773C6FF0694}"
EndProject
Global
	GlobalSection(SolutionConfigurationPlatforms) = preSolution
		Debug|Any CPU = Debug|Any CPU
		Release|Any CPU = Release|Any CPU
	EndGlobalSection
	GlobalSection(ProjectConfigurationPlatforms) = postSolution
		{8D83ED16-B15D-475E-B536-0773C6FF0694}.Debug|Any CPU.ActiveCfg = Debug|Any CPU
		{8D83ED16-B15D-475E-B536-0773C6FF0694}.Debug|Any CPU.Build.0 = Debug|Any CPU
		{8D83ED16-B15D-475E-B536-0773C6FF0694}.Release|Any CPU.ActiveCfg = Release|Any CPU
		{8D83ED16-B15D-475E-B536-0773C6FF0694}.Release|Any CPU.Build.0 = Release|Any CPU
	EndGlobalSection
	GlobalSection(SolutionProperties) = preSolution
		HideSolutionNode = FALSE
	EndGlobalSection
EndGlobal
